
Microsoft Visual Studio Solution File, Format Version 12.00
# Visual Studio Version 17
VisualStudioVersion = 17.4.33122.133
MinimumVisualStudioVersion = 10.0.40219.1
Project("{FAE04EC0-301F-11D3-BF4B-00C04F79EFBC}") = "Calculate_HomeWork", "Calculate_HomeWork\Calculate_HomeWork.csproj", "{47F7FECB-0771-4B18-8895-851DFF257182}"
EndProject
Project("{FAE04EC0-301F-11D3-BF4B-00C04F79EFBC}") = "ServiceLayer", "ServiceLayer\ServiceLayer.csproj", "{4D69CDD5-A7CF-44A7-A68E-4FD4EAAD6591}"
EndProject
Global
	GlobalSection(SolutionConfigurationPlatforms) = preSolution
		Debug|Any CPU = Debug|Any CPU
		Release|Any CPU = Release|Any CPU
	EndGlobalSection
	GlobalSection(ProjectConfigurationPlatforms) = postSolution
		{47F7FECB-0771-4B18-8895-851DFF257182}.Debug|Any CPU.ActiveCfg = Debug|Any CPU
		{47F7FECB-0771-4B18-8895-851DFF257182}.Debug|Any CPU.Build.0 = Debug|Any CPU
		{47F7FECB-0771-4B18-8895-851DFF257182}.Release|Any CPU.ActiveCfg = Release|Any CPU
		{47F7FECB-0771-4B18-8895-851DFF257182}.Release|Any CPU.Build.0 = Release|Any CPU
		{4D69CDD5-A7CF-44A7-A68E-4FD4EAAD6591}.Debug|Any CPU.ActiveCfg = Debug|Any CPU
		{4D69CDD5-A7CF-44A7-A68E-4FD4EAAD6591}.Debug|Any CPU.Build.0 = Debug|Any CPU
		{4D69CDD5-A7CF-44A7-A68E-4FD4EAAD6591}.Release|Any CPU.ActiveCfg = Release|Any CPU
		{4D69CDD5-A7CF-44A7-A68E-4FD4EAAD6591}.Release|Any CPU.Build.0 = Release|Any CPU
	EndGlobalSection
	GlobalSection(SolutionProperties) = preSolution
		HideSolutionNode = FALSE
	EndGlobalSection
	GlobalSection(ExtensibilityGlobals) = postSolution
		SolutionGuid = {EE390A7A-098E-40FE-BD45-3A11099348C0}
	EndGlobalSection
EndGlobal
