
Microsoft Visual Studio Solution File, Format Version 12.00
# Visual Studio Version 17
VisualStudioVersion = 17.4.33122.133
MinimumVisualStudioVersion = 10.0.40219.1
Project("{FAE04EC0-301F-11D3-BF4B-00C04F79EFBC}") = "InClassTask", "InClassTask\InClassTask.csproj", "{456B57DD-2235-410F-AEF9-D92445BF31B5}"
EndProject
Global
	GlobalSection(SolutionConfigurationPlatforms) = preSolution
		Debug|Any CPU = Debug|Any CPU
		Release|Any CPU = Release|Any CPU
	EndGlobalSection
	GlobalSection(ProjectConfigurationPlatforms) = postSolution
		{456B57DD-2235-410F-AEF9-D92445BF31B5}.Debug|Any CPU.ActiveCfg = Debug|Any CPU
		{456B57DD-2235-410F-AEF9-D92445BF31B5}.Debug|Any CPU.Build.0 = Debug|Any CPU
		{456B57DD-2235-410F-AEF9-D92445BF31B5}.Release|Any CPU.ActiveCfg = Release|Any CPU
		{456B57DD-2235-410F-AEF9-D92445BF31B5}.Release|Any CPU.Build.0 = Release|Any CPU
	EndGlobalSection
	GlobalSection(SolutionProperties) = preSolution
		HideSolutionNode = FALSE
	EndGlobalSection
	GlobalSection(ExtensibilityGlobals) = postSolution
		SolutionGuid = {7DAB5909-5147-4C9E-9DE3-4C80D9D3E171}
	EndGlobalSection
EndGlobal
