
Microsoft Visual Studio Solution File, Format Version 12.00
# Visual Studio Version 17
VisualStudioVersion = 17.4.33122.133
MinimumVisualStudioVersion = 10.0.40219.1
Project("{FAE04EC0-301F-11D3-BF4B-00C04F79EFBC}") = "Customer-HomeWork", "Customer-HomeWork\Customer-HomeWork.csproj", "{2304D5BD-B0B2-4553-AC83-A7E68DF80E5F}"
EndProject
Project("{FAE04EC0-301F-11D3-BF4B-00C04F79EFBC}") = "DomainLayer", "DomainLayer\DomainLayer.csproj", "{B1EB4F6D-3FC4-4BE2-AA34-0263F515011D}"
EndProject
Project("{FAE04EC0-301F-11D3-BF4B-00C04F79EFBC}") = "ServiceLayer", "ServiceLayer\ServiceLayer.csproj", "{9AB7C3D1-C3AA-43C0-9931-18BE68C7C7FB}"
EndProject
Global
	GlobalSection(SolutionConfigurationPlatforms) = preSolution
		Debug|Any CPU = Debug|Any CPU
		Release|Any CPU = Release|Any CPU
	EndGlobalSection
	GlobalSection(ProjectConfigurationPlatforms) = postSolution
		{2304D5BD-B0B2-4553-AC83-A7E68DF80E5F}.Debug|Any CPU.ActiveCfg = Debug|Any CPU
		{2304D5BD-B0B2-4553-AC83-A7E68DF80E5F}.Debug|Any CPU.Build.0 = Debug|Any CPU
		{2304D5BD-B0B2-4553-AC83-A7E68DF80E5F}.Release|Any CPU.ActiveCfg = Release|Any CPU
		{2304D5BD-B0B2-4553-AC83-A7E68DF80E5F}.Release|Any CPU.Build.0 = Release|Any CPU
		{B1EB4F6D-3FC4-4BE2-AA34-0263F515011D}.Debug|Any CPU.ActiveCfg = Debug|Any CPU
		{B1EB4F6D-3FC4-4BE2-AA34-0263F515011D}.Debug|Any CPU.Build.0 = Debug|Any CPU
		{B1EB4F6D-3FC4-4BE2-AA34-0263F515011D}.Release|Any CPU.ActiveCfg = Release|Any CPU
		{B1EB4F6D-3FC4-4BE2-AA34-0263F515011D}.Release|Any CPU.Build.0 = Release|Any CPU
		{9AB7C3D1-C3AA-43C0-9931-18BE68C7C7FB}.Debug|Any CPU.ActiveCfg = Debug|Any CPU
		{9AB7C3D1-C3AA-43C0-9931-18BE68C7C7FB}.Debug|Any CPU.Build.0 = Debug|Any CPU
		{9AB7C3D1-C3AA-43C0-9931-18BE68C7C7FB}.Release|Any CPU.ActiveCfg = Release|Any CPU
		{9AB7C3D1-C3AA-43C0-9931-18BE68C7C7FB}.Release|Any CPU.Build.0 = Release|Any CPU
	EndGlobalSection
	GlobalSection(SolutionProperties) = preSolution
		HideSolutionNode = FALSE
	EndGlobalSection
	GlobalSection(ExtensibilityGlobals) = postSolution
		SolutionGuid = {BF67CDBB-2B3E-4589-A9BD-AC49B415B35C}
	EndGlobalSection
EndGlobal
