
Microsoft Visual Studio Solution File, Format Version 12.00
# Visual Studio Version 17
VisualStudioVersion = 17.4.33122.133
MinimumVisualStudioVersion = 10.0.40219.1
Project("{FAE04EC0-301F-11D3-BF4B-00C04F79EFBC}") = "Login-app", "Login-app\Login-app.csproj", "{DE70D78E-5B43-49A9-B94A-244F31E1D4C1}"
EndProject
Project("{FAE04EC0-301F-11D3-BF4B-00C04F79EFBC}") = "ServiceLayer", "ServiceLayer\ServiceLayer.csproj", "{B3749C60-1CEB-4DD6-8530-2A63AE41946B}"
EndProject
Global
	GlobalSection(SolutionConfigurationPlatforms) = preSolution
		Debug|Any CPU = Debug|Any CPU
		Release|Any CPU = Release|Any CPU
	EndGlobalSection
	GlobalSection(ProjectConfigurationPlatforms) = postSolution
		{DE70D78E-5B43-49A9-B94A-244F31E1D4C1}.Debug|Any CPU.ActiveCfg = Debug|Any CPU
		{DE70D78E-5B43-49A9-B94A-244F31E1D4C1}.Debug|Any CPU.Build.0 = Debug|Any CPU
		{DE70D78E-5B43-49A9-B94A-244F31E1D4C1}.Release|Any CPU.ActiveCfg = Release|Any CPU
		{DE70D78E-5B43-49A9-B94A-244F31E1D4C1}.Release|Any CPU.Build.0 = Release|Any CPU
		{B3749C60-1CEB-4DD6-8530-2A63AE41946B}.Debug|Any CPU.ActiveCfg = Debug|Any CPU
		{B3749C60-1CEB-4DD6-8530-2A63AE41946B}.Debug|Any CPU.Build.0 = Debug|Any CPU
		{B3749C60-1CEB-4DD6-8530-2A63AE41946B}.Release|Any CPU.ActiveCfg = Release|Any CPU
		{B3749C60-1CEB-4DD6-8530-2A63AE41946B}.Release|Any CPU.Build.0 = Release|Any CPU
	EndGlobalSection
	GlobalSection(SolutionProperties) = preSolution
		HideSolutionNode = FALSE
	EndGlobalSection
	GlobalSection(ExtensibilityGlobals) = postSolution
		SolutionGuid = {AC64FFBF-665C-4C9C-A6E8-D4B3D022EC28}
	EndGlobalSection
EndGlobal
